# THIS IS AN AUTOGENERATED FILE. DO NOT EDIT THIS FILE DIRECTLY.
# yarn lockfile v1


rails-ujs@^5.2.8:
  version "5.2.8"
  resolved "https://registry.yarnpkg.com/rails-ujs/-/rails-ujs-5.2.8.tgz#dffc6b7d15f735f523e31be0a30b47264b282623"
  integrity sha512-qwCTG/7FgRRxQIWJ9vmLF8ucqFVM2Krk+0JWcI5OF485jymGa1Rix8kF5vNHGz/VGUvS2Dhom9PdlsdjMt9Kmg==
